
Microsoft Visual Studio Solution File, Format Version 12.00
# Visual Studio Version 17
VisualStudioVersion = 17.13.35825.156 d17.13
MinimumVisualStudioVersion = 10.0.40219.1
Project("{FAE04EC0-301F-11D3-BF4B-00C04F79EFBC}") = "Merge sort", "Merge sort.csproj", "{742F9963-89E5-42C9-94F9-C2C71CFF38A7}"
EndProject
Global
	GlobalSection(SolutionConfigurationPlatforms) = preSolution
		Debug|Any CPU = Debug|Any CPU
		Release|Any CPU = Release|Any CPU
	EndGlobalSection
	GlobalSection(ProjectConfigurationPlatforms) = postSolution
		{742F9963-89E5-42C9-94F9-C2C71CFF38A7}.Debug|Any CPU.ActiveCfg = Debug|Any CPU
		{742F9963-89E5-42C9-94F9-C2C71CFF38A7}.Debug|Any CPU.Build.0 = Debug|Any CPU
		{742F9963-89E5-42C9-94F9-C2C71CFF38A7}.Release|Any CPU.ActiveCfg = Release|Any CPU
		{742F9963-89E5-42C9-94F9-C2C71CFF38A7}.Release|Any CPU.Build.0 = Release|Any CPU
	EndGlobalSection
	GlobalSection(SolutionProperties) = preSolution
		HideSolutionNode = FALSE
	EndGlobalSection
	GlobalSection(ExtensibilityGlobals) = postSolution
		SolutionGuid = {FE72BDA1-F7D4-4686-982E-72C51EC2F5E2}
	EndGlobalSection
EndGlobal
