
Microsoft Visual Studio Solution File, Format Version 12.00
# Visual Studio Version 17
VisualStudioVersion = 17.13.35825.156 d17.13
MinimumVisualStudioVersion = 10.0.40219.1
Project("{FAE04EC0-301F-11D3-BF4B-00C04F79EFBC}") = "Insertion Sort", "Insertion Sort.csproj", "{2B5C8C6C-5B87-444C-B26E-6828FB08C37D}"
EndProject
Global
	GlobalSection(SolutionConfigurationPlatforms) = preSolution
		Debug|Any CPU = Debug|Any CPU
		Release|Any CPU = Release|Any CPU
	EndGlobalSection
	GlobalSection(ProjectConfigurationPlatforms) = postSolution
		{2B5C8C6C-5B87-444C-B26E-6828FB08C37D}.Debug|Any CPU.ActiveCfg = Debug|Any CPU
		{2B5C8C6C-5B87-444C-B26E-6828FB08C37D}.Debug|Any CPU.Build.0 = Debug|Any CPU
		{2B5C8C6C-5B87-444C-B26E-6828FB08C37D}.Release|Any CPU.ActiveCfg = Release|Any CPU
		{2B5C8C6C-5B87-444C-B26E-6828FB08C37D}.Release|Any CPU.Build.0 = Release|Any CPU
	EndGlobalSection
	GlobalSection(SolutionProperties) = preSolution
		HideSolutionNode = FALSE
	EndGlobalSection
	GlobalSection(ExtensibilityGlobals) = postSolution
		SolutionGuid = {1B4B9184-3DD7-4CBB-94A6-36C24CA18153}
	EndGlobalSection
EndGlobal
