
Microsoft Visual Studio Solution File, Format Version 12.00
# Visual Studio Version 17
VisualStudioVersion = 17.13.35825.156 d17.13
MinimumVisualStudioVersion = 10.0.40219.1
Project("{FAE04EC0-301F-11D3-BF4B-00C04F79EFBC}") = "Linked Queue", "Linked Queue.csproj", "{0B393951-A849-4BAF-AAA4-379C2606522A}"
EndProject
Global
	GlobalSection(SolutionConfigurationPlatforms) = preSolution
		Debug|Any CPU = Debug|Any CPU
		Release|Any CPU = Release|Any CPU
	EndGlobalSection
	GlobalSection(ProjectConfigurationPlatforms) = postSolution
		{0B393951-A849-4BAF-AAA4-379C2606522A}.Debug|Any CPU.ActiveCfg = Debug|Any CPU
		{0B393951-A849-4BAF-AAA4-379C2606522A}.Debug|Any CPU.Build.0 = Debug|Any CPU
		{0B393951-A849-4BAF-AAA4-379C2606522A}.Release|Any CPU.ActiveCfg = Release|Any CPU
		{0B393951-A849-4BAF-AAA4-379C2606522A}.Release|Any CPU.Build.0 = Release|Any CPU
	EndGlobalSection
	GlobalSection(SolutionProperties) = preSolution
		HideSolutionNode = FALSE
	EndGlobalSection
	GlobalSection(ExtensibilityGlobals) = postSolution
		SolutionGuid = {FABA31BE-46F7-4C49-A8D9-3413579435BB}
	EndGlobalSection
EndGlobal
