
Microsoft Visual Studio Solution File, Format Version 12.00
# Visual Studio Version 17
VisualStudioVersion = 17.13.35825.156 d17.13
MinimumVisualStudioVersion = 10.0.40219.1
Project("{FAE04EC0-301F-11D3-BF4B-00C04F79EFBC}") = "Quick sort", "Quick sort.csproj", "{087834BF-6142-496F-BE82-2377F2BC0DAA}"
EndProject
Global
	GlobalSection(SolutionConfigurationPlatforms) = preSolution
		Debug|Any CPU = Debug|Any CPU
		Release|Any CPU = Release|Any CPU
	EndGlobalSection
	GlobalSection(ProjectConfigurationPlatforms) = postSolution
		{087834BF-6142-496F-BE82-2377F2BC0DAA}.Debug|Any CPU.ActiveCfg = Debug|Any CPU
		{087834BF-6142-496F-BE82-2377F2BC0DAA}.Debug|Any CPU.Build.0 = Debug|Any CPU
		{087834BF-6142-496F-BE82-2377F2BC0DAA}.Release|Any CPU.ActiveCfg = Release|Any CPU
		{087834BF-6142-496F-BE82-2377F2BC0DAA}.Release|Any CPU.Build.0 = Release|Any CPU
	EndGlobalSection
	GlobalSection(SolutionProperties) = preSolution
		HideSolutionNode = FALSE
	EndGlobalSection
	GlobalSection(ExtensibilityGlobals) = postSolution
		SolutionGuid = {DEABF8D7-581D-4C3A-BD23-E236C96A3BAF}
	EndGlobalSection
EndGlobal
